// !$*UTF8*$!
{
	archiveVersion = 1;
	classes = {
	};
	objectVersion = 56;
	objects = {

/* Begin PBXBuildFile section */
		2A9A069F2A3414B500EC8141 /* RunningRPGApp.swift in Sources */ = {isa = PBXBuildFile; fileRef = 2A9A069E2A3414B500EC8141 /* RunningRPGApp.swift */; };
		2A9A06A12A3414B500EC8141 /* HomeView.swift in Sources */ = {isa = PBXBuildFile; fileRef = 2A9A06A02A3414B500EC8141 /* HomeView.swift */; };
		2A9A06A32A3414B700EC8141 /* Assets.xcassets in Resources */ = {isa = PBXBuildFile; fileRef = 2A9A06A22A3414B700EC8141 /* Assets.xcassets */; };
		2A9A06A62A3414B700EC8141 /* Preview Assets.xcassets in Resources */ = {isa = PBXBuildFile; fileRef = 2A9A06A52A3414B700EC8141 /* Preview Assets.xcassets */; };
		2A9A06A82A3414B700EC8141 /* Item.swift in Sources */ = {isa = PBXBuildFile; fileRef = 2A9A06A72A3414B700EC8141 /* Item.swift */; };
		2A9A06B22A3414B700EC8141 /* RunningRPGTests.swift in Sources */ = {isa = PBXBuildFile; fileRef = 2A9A06B12A3414B700EC8141 /* RunningRPGTests.swift */; };
		2A9A06BC2A3414B700EC8141 /* RunningRPGUITests.swift in Sources */ = {isa = PBXBuildFile; fileRef = 2A9A06BB2A3414B700EC8141 /* RunningRPGUITests.swift */; };
		2A9A06BE2A3414B700EC8141 /* RunningRPGUITestsLaunchTests.swift in Sources */ = {isa = PBXBuildFile; fileRef = 2A9A06BD2A3414B700EC8141 /* RunningRPGUITestsLaunchTests.swift */; };
		2A9A06CD2A34268E00EC8141 /* ShopView.swift in Sources */ = {isa = PBXBuildFile; fileRef = 2A9A06CC2A34268E00EC8141 /* ShopView.swift */; };
		2A9A06CF2A3426B800EC8141 /* MonsterListView.swift in Sources */ = {isa = PBXBuildFile; fileRef = 2A9A06CE2A3426B800EC8141 /* MonsterListView.swift */; };
		2A9A06DA2A34311A00EC8141 /* HomeTopView.swift in Sources */ = {isa = PBXBuildFile; fileRef = 2A9A06D92A34311A00EC8141 /* HomeTopView.swift */; };
		2A9A06DD2A3440A600EC8141 /* CoreMotionService.swift in Sources */ = {isa = PBXBuildFile; fileRef = 2A9A06DC2A3440A600EC8141 /* CoreMotionService.swift */; };
		3961A9A32A344F88000745FC /* Assets.xcassets in Resources */ = {isa = PBXBuildFile; fileRef = 2A9A06A22A3414B700EC8141 /* Assets.xcassets */; };
		3985AB1D2A3447ED004F1AA6 /* WidgetKit.framework in Frameworks */ = {isa = PBXBuildFile; fileRef = 3985AAE62A3447AA004F1AA6 /* WidgetKit.framework */; };
		3985AB1E2A3447ED004F1AA6 /* SwiftUI.framework in Frameworks */ = {isa = PBXBuildFile; fileRef = 3985AAE82A3447AA004F1AA6 /* SwiftUI.framework */; };
		3985AB212A3447ED004F1AA6 /* RunningRPGDynamicIslandBundle.swift in Sources */ = {isa = PBXBuildFile; fileRef = 3985AB202A3447ED004F1AA6 /* RunningRPGDynamicIslandBundle.swift */; };
		3985AB232A3447ED004F1AA6 /* RunningRPGDynamicIslandLiveActivity.swift in Sources */ = {isa = PBXBuildFile; fileRef = 3985AB222A3447ED004F1AA6 /* RunningRPGDynamicIslandLiveActivity.swift */; };
		3985AB252A3447ED004F1AA6 /* RunningRPGDynamicIsland.swift in Sources */ = {isa = PBXBuildFile; fileRef = 3985AB242A3447ED004F1AA6 /* RunningRPGDynamicIsland.swift */; };
		3985AB282A3447EF004F1AA6 /* Assets.xcassets in Resources */ = {isa = PBXBuildFile; fileRef = 3985AB272A3447EF004F1AA6 /* Assets.xcassets */; };
		3985AB2A2A3447EF004F1AA6 /* RunningRPGDynamicIsland.intentdefinition in Sources */ = {isa = PBXBuildFile; fileRef = 3985AB262A3447ED004F1AA6 /* RunningRPGDynamicIsland.intentdefinition */; };
		3985AB2B2A3447EF004F1AA6 /* RunningRPGDynamicIsland.intentdefinition in Sources */ = {isa = PBXBuildFile; fileRef = 3985AB262A3447ED004F1AA6 /* RunningRPGDynamicIsland.intentdefinition */; };
		3985AB2E2A3447EF004F1AA6 /* RunningRPGDynamicIslandExtension.appex in Embed Foundation Extensions */ = {isa = PBXBuildFile; fileRef = 3985AB1C2A3447ED004F1AA6 /* RunningRPGDynamicIslandExtension.appex */; settings = {ATTRIBUTES = (RemoveHeadersOnCopy, ); }; };
		3985AB322A344859004F1AA6 /* RunningRPGDynamicIslandLiveActivity.swift in Sources */ = {isa = PBXBuildFile; fileRef = 3985AB222A3447ED004F1AA6 /* RunningRPGDynamicIslandLiveActivity.swift */; };
		770A00292A34221900160BD6 /* Character.swift in Sources */ = {isa = PBXBuildFile; fileRef = 770A00282A34221900160BD6 /* Character.swift */; };
		770A002B2A34236700160BD6 /* Equiment.swift in Sources */ = {isa = PBXBuildFile; fileRef = 770A002A2A34236700160BD6 /* Equiment.swift */; };
		770A002D2A34240200160BD6 /* Monster.swift in Sources */ = {isa = PBXBuildFile; fileRef = 770A002C2A34240200160BD6 /* Monster.swift */; };
		7DF63E742A342F3A0051985C /* HomeBottomView.swift in Sources */ = {isa = PBXBuildFile; fileRef = 7DF63E732A342F3A0051985C /* HomeBottomView.swift */; };
/* End PBXBuildFile section */

/* Begin PBXContainerItemProxy section */
		2A9A06AE2A3414B700EC8141 /* PBXContainerItemProxy */ = {
			isa = PBXContainerItemProxy;
			containerPortal = 2A9A06932A3414B500EC8141 /* Project object */;
			proxyType = 1;
			remoteGlobalIDString = 2A9A069A2A3414B500EC8141;
			remoteInfo = RunningRPG;
		};
		2A9A06B82A3414B700EC8141 /* PBXContainerItemProxy */ = {
			isa = PBXContainerItemProxy;
			containerPortal = 2A9A06932A3414B500EC8141 /* Project object */;
			proxyType = 1;
			remoteGlobalIDString = 2A9A069A2A3414B500EC8141;
			remoteInfo = RunningRPG;
		};
		3985AB2C2A3447EF004F1AA6 /* PBXContainerItemProxy */ = {
			isa = PBXContainerItemProxy;
			containerPortal = 2A9A06932A3414B500EC8141 /* Project object */;
			proxyType = 1;
			remoteGlobalIDString = 3985AB1B2A3447ED004F1AA6;
			remoteInfo = RunningRPGDynamicIslandExtension;
		};
/* End PBXContainerItemProxy section */

/* Begin PBXCopyFilesBuildPhase section */
		3985AAFD2A3447AD004F1AA6 /* Embed Foundation Extensions */ = {
			isa = PBXCopyFilesBuildPhase;
			buildActionMask = 2147483647;
			dstPath = "";
			dstSubfolderSpec = 13;
			files = (
				3985AB2E2A3447EF004F1AA6 /* RunningRPGDynamicIslandExtension.appex in Embed Foundation Extensions */,
			);
			name = "Embed Foundation Extensions";
			runOnlyForDeploymentPostprocessing = 0;
		};
/* End PBXCopyFilesBuildPhase section */

/* Begin PBXFileReference section */
		2A9A069B2A3414B500EC8141 /* RunningRPG.app */ = {isa = PBXFileReference; explicitFileType = wrapper.application; includeInIndex = 0; path = RunningRPG.app; sourceTree = BUILT_PRODUCTS_DIR; };
		2A9A069E2A3414B500EC8141 /* RunningRPGApp.swift */ = {isa = PBXFileReference; lastKnownFileType = sourcecode.swift; path = RunningRPGApp.swift; sourceTree = "<group>"; };
		2A9A06A02A3414B500EC8141 /* HomeView.swift */ = {isa = PBXFileReference; lastKnownFileType = sourcecode.swift; path = HomeView.swift; sourceTree = "<group>"; };
		2A9A06A22A3414B700EC8141 /* Assets.xcassets */ = {isa = PBXFileReference; lastKnownFileType = folder.assetcatalog; path = Assets.xcassets; sourceTree = "<group>"; };
		2A9A06A52A3414B700EC8141 /* Preview Assets.xcassets */ = {isa = PBXFileReference; lastKnownFileType = folder.assetcatalog; path = "Preview Assets.xcassets"; sourceTree = "<group>"; };
		2A9A06A72A3414B700EC8141 /* Item.swift */ = {isa = PBXFileReference; lastKnownFileType = sourcecode.swift; path = Item.swift; sourceTree = "<group>"; };
		2A9A06AD2A3414B700EC8141 /* RunningRPGTests.xctest */ = {isa = PBXFileReference; explicitFileType = wrapper.cfbundle; includeInIndex = 0; path = RunningRPGTests.xctest; sourceTree = BUILT_PRODUCTS_DIR; };
		2A9A06B12A3414B700EC8141 /* RunningRPGTests.swift */ = {isa = PBXFileReference; lastKnownFileType = sourcecode.swift; path = RunningRPGTests.swift; sourceTree = "<group>"; };
		2A9A06B72A3414B700EC8141 /* RunningRPGUITests.xctest */ = {isa = PBXFileReference; explicitFileType = wrapper.cfbundle; includeInIndex = 0; path = RunningRPGUITests.xctest; sourceTree = BUILT_PRODUCTS_DIR; };
		2A9A06BB2A3414B700EC8141 /* RunningRPGUITests.swift */ = {isa = PBXFileReference; lastKnownFileType = sourcecode.swift; path = RunningRPGUITests.swift; sourceTree = "<group>"; };
		2A9A06BD2A3414B700EC8141 /* RunningRPGUITestsLaunchTests.swift */ = {isa = PBXFileReference; lastKnownFileType = sourcecode.swift; path = RunningRPGUITestsLaunchTests.swift; sourceTree = "<group>"; };
		2A9A06CC2A34268E00EC8141 /* ShopView.swift */ = {isa = PBXFileReference; lastKnownFileType = sourcecode.swift; path = ShopView.swift; sourceTree = "<group>"; };
		2A9A06CE2A3426B800EC8141 /* MonsterListView.swift */ = {isa = PBXFileReference; lastKnownFileType = sourcecode.swift; path = MonsterListView.swift; sourceTree = "<group>"; };
		2A9A06D92A34311A00EC8141 /* HomeTopView.swift */ = {isa = PBXFileReference; lastKnownFileType = sourcecode.swift; path = HomeTopView.swift; sourceTree = "<group>"; };
		2A9A06DC2A3440A600EC8141 /* CoreMotionService.swift */ = {isa = PBXFileReference; lastKnownFileType = sourcecode.swift; path = CoreMotionService.swift; sourceTree = "<group>"; };
		3985AAE62A3447AA004F1AA6 /* WidgetKit.framework */ = {isa = PBXFileReference; lastKnownFileType = wrapper.framework; name = WidgetKit.framework; path = System/Library/Frameworks/WidgetKit.framework; sourceTree = SDKROOT; };
		3985AAE82A3447AA004F1AA6 /* SwiftUI.framework */ = {isa = PBXFileReference; lastKnownFileType = wrapper.framework; name = SwiftUI.framework; path = System/Library/Frameworks/SwiftUI.framework; sourceTree = SDKROOT; };
		3985AB1C2A3447ED004F1AA6 /* RunningRPGDynamicIslandExtension.appex */ = {isa = PBXFileReference; explicitFileType = "wrapper.app-extension"; includeInIndex = 0; path = RunningRPGDynamicIslandExtension.appex; sourceTree = BUILT_PRODUCTS_DIR; };
		3985AB202A3447ED004F1AA6 /* RunningRPGDynamicIslandBundle.swift */ = {isa = PBXFileReference; lastKnownFileType = sourcecode.swift; path = RunningRPGDynamicIslandBundle.swift; sourceTree = "<group>"; };
		3985AB222A3447ED004F1AA6 /* RunningRPGDynamicIslandLiveActivity.swift */ = {isa = PBXFileReference; lastKnownFileType = sourcecode.swift; path = RunningRPGDynamicIslandLiveActivity.swift; sourceTree = "<group>"; };
		3985AB242A3447ED004F1AA6 /* RunningRPGDynamicIsland.swift */ = {isa = PBXFileReference; lastKnownFileType = sourcecode.swift; path = RunningRPGDynamicIsland.swift; sourceTree = "<group>"; };
		3985AB262A3447ED004F1AA6 /* RunningRPGDynamicIsland.intentdefinition */ = {isa = PBXFileReference; lastKnownFileType = file.intentdefinition; path = RunningRPGDynamicIsland.intentdefinition; sourceTree = "<group>"; };
		3985AB272A3447EF004F1AA6 /* Assets.xcassets */ = {isa = PBXFileReference; lastKnownFileType = folder.assetcatalog; path = Assets.xcassets; sourceTree = "<group>"; };
		3985AB292A3447EF004F1AA6 /* Info.plist */ = {isa = PBXFileReference; lastKnownFileType = text.plist.xml; path = Info.plist; sourceTree = "<group>"; };
		770A00282A34221900160BD6 /* Character.swift */ = {isa = PBXFileReference; lastKnownFileType = sourcecode.swift; path = Character.swift; sourceTree = "<group>"; };
		770A002A2A34236700160BD6 /* Equiment.swift */ = {isa = PBXFileReference; lastKnownFileType = sourcecode.swift; path = Equiment.swift; sourceTree = "<group>"; };
		770A002C2A34240200160BD6 /* Monster.swift */ = {isa = PBXFileReference; lastKnownFileType = sourcecode.swift; path = Monster.swift; sourceTree = "<group>"; };
		7DF63E732A342F3A0051985C /* HomeBottomView.swift */ = {isa = PBXFileReference; lastKnownFileType = sourcecode.swift; path = HomeBottomView.swift; sourceTree = "<group>"; };
/* End PBXFileReference section */

/* Begin PBXFrameworksBuildPhase section */
		2A9A06982A3414B500EC8141 /* Frameworks */ = {
			isa = PBXFrameworksBuildPhase;
			buildActionMask = 2147483647;
			files = (
			);
			runOnlyForDeploymentPostprocessing = 0;
		};
		2A9A06AA2A3414B700EC8141 /* Frameworks */ = {
			isa = PBXFrameworksBuildPhase;
			buildActionMask = 2147483647;
			files = (
			);
			runOnlyForDeploymentPostprocessing = 0;
		};
		2A9A06B42A3414B700EC8141 /* Frameworks */ = {
			isa = PBXFrameworksBuildPhase;
			buildActionMask = 2147483647;
			files = (
			);
			runOnlyForDeploymentPostprocessing = 0;
		};
		3985AB192A3447ED004F1AA6 /* Frameworks */ = {
			isa = PBXFrameworksBuildPhase;
			buildActionMask = 2147483647;
			files = (
				3985AB1E2A3447ED004F1AA6 /* SwiftUI.framework in Frameworks */,
				3985AB1D2A3447ED004F1AA6 /* WidgetKit.framework in Frameworks */,
			);
			runOnlyForDeploymentPostprocessing = 0;
		};
/* End PBXFrameworksBuildPhase section */

/* Begin PBXGroup section */
		2A9A06922A3414B500EC8141 = {
			isa = PBXGroup;
			children = (
				2A9A069D2A3414B500EC8141 /* RunningRPG */,
				2A9A06B02A3414B700EC8141 /* RunningRPGTests */,
				2A9A06BA2A3414B700EC8141 /* RunningRPGUITests */,
				3985AB1F2A3447ED004F1AA6 /* RunningRPGDynamicIsland */,
				3985AAE52A3447AA004F1AA6 /* Frameworks */,
				2A9A069C2A3414B500EC8141 /* Products */,
			);
			sourceTree = "<group>";
		};
		2A9A069C2A3414B500EC8141 /* Products */ = {
			isa = PBXGroup;
			children = (
				2A9A069B2A3414B500EC8141 /* RunningRPG.app */,
				2A9A06AD2A3414B700EC8141 /* RunningRPGTests.xctest */,
				2A9A06B72A3414B700EC8141 /* RunningRPGUITests.xctest */,
				3985AB1C2A3447ED004F1AA6 /* RunningRPGDynamicIslandExtension.appex */,
			);
			name = Products;
			sourceTree = "<group>";
		};
		2A9A069D2A3414B500EC8141 /* RunningRPG */ = {
			isa = PBXGroup;
			children = (
				2A9A06DB2A34408400EC8141 /* Utils */,
				770A00272A34220C00160BD6 /* Model */,
				2A9A06D32A342BB900EC8141 /* Tabbar */,
				2A9A06A22A3414B700EC8141 /* Assets.xcassets */,
				2A9A06A72A3414B700EC8141 /* Item.swift */,
				2A9A06A42A3414B700EC8141 /* Preview Content */,
			);
			path = RunningRPG;
			sourceTree = "<group>";
		};
		2A9A06A42A3414B700EC8141 /* Preview Content */ = {
			isa = PBXGroup;
			children = (
				2A9A06A52A3414B700EC8141 /* Preview Assets.xcassets */,
			);
			path = "Preview Content";
			sourceTree = "<group>";
		};
		2A9A06B02A3414B700EC8141 /* RunningRPGTests */ = {
			isa = PBXGroup;
			children = (
				2A9A06B12A3414B700EC8141 /* RunningRPGTests.swift */,
			);
			path = RunningRPGTests;
			sourceTree = "<group>";
		};
		2A9A06BA2A3414B700EC8141 /* RunningRPGUITests */ = {
			isa = PBXGroup;
			children = (
				2A9A06BB2A3414B700EC8141 /* RunningRPGUITests.swift */,
				2A9A06BD2A3414B700EC8141 /* RunningRPGUITestsLaunchTests.swift */,
			);
			path = RunningRPGUITests;
			sourceTree = "<group>";
		};
		2A9A06D32A342BB900EC8141 /* Tabbar */ = {
			isa = PBXGroup;
			children = (
				2A9A069E2A3414B500EC8141 /* RunningRPGApp.swift */,
				2A9A06D62A342BD400EC8141 /* MonsterList */,
				2A9A06D52A342BCB00EC8141 /* Shop */,
				2A9A06D42A342BC600EC8141 /* Home */,
			);
			path = Tabbar;
			sourceTree = "<group>";
		};
		2A9A06D42A342BC600EC8141 /* Home */ = {
			isa = PBXGroup;
			children = (
				2A9A06A02A3414B500EC8141 /* HomeView.swift */,
				7DF63E732A342F3A0051985C /* HomeBottomView.swift */,
				2A9A06D92A34311A00EC8141 /* HomeTopView.swift */,
			);
			path = Home;
			sourceTree = "<group>";
		};
		2A9A06D52A342BCB00EC8141 /* Shop */ = {
			isa = PBXGroup;
			children = (
				2A9A06CC2A34268E00EC8141 /* ShopView.swift */,
			);
			path = Shop;
			sourceTree = "<group>";
		};
		2A9A06D62A342BD400EC8141 /* MonsterList */ = {
			isa = PBXGroup;
			children = (
				2A9A06CE2A3426B800EC8141 /* MonsterListView.swift */,
			);
			path = MonsterList;
			sourceTree = "<group>";
		};
		2A9A06DB2A34408400EC8141 /* Utils */ = {
			isa = PBXGroup;
			children = (
				2A9A06DC2A3440A600EC8141 /* CoreMotionService.swift */,
			);
			path = Utils;
			sourceTree = "<group>";
		};
		3985AAE52A3447AA004F1AA6 /* Frameworks */ = {
			isa = PBXGroup;
			children = (
				3985AAE62A3447AA004F1AA6 /* WidgetKit.framework */,
				3985AAE82A3447AA004F1AA6 /* SwiftUI.framework */,
			);
			name = Frameworks;
			sourceTree = "<group>";
		};
		3985AB1F2A3447ED004F1AA6 /* RunningRPGDynamicIsland */ = {
			isa = PBXGroup;
			children = (
				3985AB202A3447ED004F1AA6 /* RunningRPGDynamicIslandBundle.swift */,
				3985AB222A3447ED004F1AA6 /* RunningRPGDynamicIslandLiveActivity.swift */,
				3985AB242A3447ED004F1AA6 /* RunningRPGDynamicIsland.swift */,
				3985AB262A3447ED004F1AA6 /* RunningRPGDynamicIsland.intentdefinition */,
				3985AB272A3447EF004F1AA6 /* Assets.xcassets */,
				3985AB292A3447EF004F1AA6 /* Info.plist */,
			);
			path = RunningRPGDynamicIsland;
			sourceTree = "<group>";
		};
		770A00272A34220C00160BD6 /* Model */ = {
			isa = PBXGroup;
			children = (
				770A00282A34221900160BD6 /* Character.swift */,
				770A002A2A34236700160BD6 /* Equiment.swift */,
				770A002C2A34240200160BD6 /* Monster.swift */,
			);
			path = Model;
			sourceTree = "<group>";
		};
/* End PBXGroup section */

/* Begin PBXNativeTarget section */
		2A9A069A2A3414B500EC8141 /* RunningRPG */ = {
			isa = PBXNativeTarget;
			buildConfigurationList = 2A9A06C12A3414B700EC8141 /* Build configuration list for PBXNativeTarget "RunningRPG" */;
			buildPhases = (
				2A9A06972A3414B500EC8141 /* Sources */,
				2A9A06982A3414B500EC8141 /* Frameworks */,
				2A9A06992A3414B500EC8141 /* Resources */,
				3985AAFD2A3447AD004F1AA6 /* Embed Foundation Extensions */,
			);
			buildRules = (
			);
			dependencies = (
				3985AB2D2A3447EF004F1AA6 /* PBXTargetDependency */,
			);
			name = RunningRPG;
			productName = RunningRPG;
			productReference = 2A9A069B2A3414B500EC8141 /* RunningRPG.app */;
			productType = "com.apple.product-type.application";
		};
		2A9A06AC2A3414B700EC8141 /* RunningRPGTests */ = {
			isa = PBXNativeTarget;
			buildConfigurationList = 2A9A06C42A3414B700EC8141 /* Build configuration list for PBXNativeTarget "RunningRPGTests" */;
			buildPhases = (
				2A9A06A92A3414B700EC8141 /* Sources */,
				2A9A06AA2A3414B700EC8141 /* Frameworks */,
				2A9A06AB2A3414B700EC8141 /* Resources */,
			);
			buildRules = (
			);
			dependencies = (
				2A9A06AF2A3414B700EC8141 /* PBXTargetDependency */,
			);
			name = RunningRPGTests;
			productName = RunningRPGTests;
			productReference = 2A9A06AD2A3414B700EC8141 /* RunningRPGTests.xctest */;
			productType = "com.apple.product-type.bundle.unit-test";
		};
		2A9A06B62A3414B700EC8141 /* RunningRPGUITests */ = {
			isa = PBXNativeTarget;
			buildConfigurationList = 2A9A06C72A3414B700EC8141 /* Build configuration list for PBXNativeTarget "RunningRPGUITests" */;
			buildPhases = (
				2A9A06B32A3414B700EC8141 /* Sources */,
				2A9A06B42A3414B700EC8141 /* Frameworks */,
				2A9A06B52A3414B700EC8141 /* Resources */,
			);
			buildRules = (
			);
			dependencies = (
				2A9A06B92A3414B700EC8141 /* PBXTargetDependency */,
			);
			name = RunningRPGUITests;
			productName = RunningRPGUITests;
			productReference = 2A9A06B72A3414B700EC8141 /* RunningRPGUITests.xctest */;
			productType = "com.apple.product-type.bundle.ui-testing";
		};
		3985AB1B2A3447ED004F1AA6 /* RunningRPGDynamicIslandExtension */ = {
			isa = PBXNativeTarget;
			buildConfigurationList = 3985AB2F2A3447EF004F1AA6 /* Build configuration list for PBXNativeTarget "RunningRPGDynamicIslandExtension" */;
			buildPhases = (
				3985AB182A3447ED004F1AA6 /* Sources */,
				3985AB192A3447ED004F1AA6 /* Frameworks */,
				3985AB1A2A3447ED004F1AA6 /* Resources */,
			);
			buildRules = (
			);
			dependencies = (
			);
			name = RunningRPGDynamicIslandExtension;
			productName = RunningRPGDynamicIslandExtension;
			productReference = 3985AB1C2A3447ED004F1AA6 /* RunningRPGDynamicIslandExtension.appex */;
			productType = "com.apple.product-type.app-extension";
		};
/* End PBXNativeTarget section */

/* Begin PBXProject section */
		2A9A06932A3414B500EC8141 /* Project object */ = {
			isa = PBXProject;
			attributes = {
				BuildIndependentTargetsInParallel = 1;
				LastSwiftUpdateCheck = 1420;
				LastUpgradeCheck = 1500;
				TargetAttributes = {
					2A9A069A2A3414B500EC8141 = {
						CreatedOnToolsVersion = 15.0;
					};
					2A9A06AC2A3414B700EC8141 = {
						CreatedOnToolsVersion = 15.0;
						TestTargetID = 2A9A069A2A3414B500EC8141;
					};
					2A9A06B62A3414B700EC8141 = {
						CreatedOnToolsVersion = 15.0;
						TestTargetID = 2A9A069A2A3414B500EC8141;
					};
					3985AB1B2A3447ED004F1AA6 = {
						CreatedOnToolsVersion = 14.2;
					};
				};
			};
			buildConfigurationList = 2A9A06962A3414B500EC8141 /* Build configuration list for PBXProject "RunningRPG" */;
			compatibilityVersion = "Xcode 14.0";
			developmentRegion = en;
			hasScannedForEncodings = 0;
			knownRegions = (
				en,
				Base,
			);
			mainGroup = 2A9A06922A3414B500EC8141;
			productRefGroup = 2A9A069C2A3414B500EC8141 /* Products */;
			projectDirPath = "";
			projectRoot = "";
			targets = (
				2A9A069A2A3414B500EC8141 /* RunningRPG */,
				2A9A06AC2A3414B700EC8141 /* RunningRPGTests */,
				2A9A06B62A3414B700EC8141 /* RunningRPGUITests */,
				3985AB1B2A3447ED004F1AA6 /* RunningRPGDynamicIslandExtension */,
			);
		};
/* End PBXProject section */

/* Begin PBXResourcesBuildPhase section */
		2A9A06992A3414B500EC8141 /* Resources */ = {
			isa = PBXResourcesBuildPhase;
			buildActionMask = 2147483647;
			files = (
				2A9A06A62A3414B700EC8141 /* Preview Assets.xcassets in Resources */,
				2A9A06A32A3414B700EC8141 /* Assets.xcassets in Resources */,
			);
			runOnlyForDeploymentPostprocessing = 0;
		};
		2A9A06AB2A3414B700EC8141 /* Resources */ = {
			isa = PBXResourcesBuildPhase;
			buildActionMask = 2147483647;
			files = (
			);
			runOnlyForDeploymentPostprocessing = 0;
		};
		2A9A06B52A3414B700EC8141 /* Resources */ = {
			isa = PBXResourcesBuildPhase;
			buildActionMask = 2147483647;
			files = (
			);
			runOnlyForDeploymentPostprocessing = 0;
		};
		3985AB1A2A3447ED004F1AA6 /* Resources */ = {
			isa = PBXResourcesBuildPhase;
			buildActionMask = 2147483647;
			files = (
				3961A9A32A344F88000745FC /* Assets.xcassets in Resources */,
				3985AB282A3447EF004F1AA6 /* Assets.xcassets in Resources */,
			);
			runOnlyForDeploymentPostprocessing = 0;
		};
/* End PBXResourcesBuildPhase section */

/* Begin PBXSourcesBuildPhase section */
		2A9A06972A3414B500EC8141 /* Sources */ = {
			isa = PBXSourcesBuildPhase;
			buildActionMask = 2147483647;
			files = (
				3985AB322A344859004F1AA6 /* RunningRPGDynamicIslandLiveActivity.swift in Sources */,
				7DF63E742A342F3A0051985C /* HomeBottomView.swift in Sources */,
				2A9A06DA2A34311A00EC8141 /* HomeTopView.swift in Sources */,
				2A9A06A12A3414B500EC8141 /* HomeView.swift in Sources */,
				2A9A06A82A3414B700EC8141 /* Item.swift in Sources */,
				2A9A06DD2A3440A600EC8141 /* CoreMotionService.swift in Sources */,
				2A9A06CD2A34268E00EC8141 /* ShopView.swift in Sources */,
				2A9A069F2A3414B500EC8141 /* RunningRPGApp.swift in Sources */,
				3985AB2B2A3447EF004F1AA6 /* RunningRPGDynamicIsland.intentdefinition in Sources */,
				770A00292A34221900160BD6 /* Character.swift in Sources */,
				770A002D2A34240200160BD6 /* Monster.swift in Sources */,
				770A002B2A34236700160BD6 /* Equiment.swift in Sources */,
				2A9A06CF2A3426B800EC8141 /* MonsterListView.swift in Sources */,
			);
			runOnlyForDeploymentPostprocessing = 0;
		};
		2A9A06A92A3414B700EC8141 /* Sources */ = {
			isa = PBXSourcesBuildPhase;
			buildActionMask = 2147483647;
			files = (
				2A9A06B22A3414B700EC8141 /* RunningRPGTests.swift in Sources */,
			);
			runOnlyForDeploymentPostprocessing = 0;
		};
		2A9A06B32A3414B700EC8141 /* Sources */ = {
			isa = PBXSourcesBuildPhase;
			buildActionMask = 2147483647;
			files = (
				2A9A06BE2A3414B700EC8141 /* RunningRPGUITestsLaunchTests.swift in Sources */,
				2A9A06BC2A3414B700EC8141 /* RunningRPGUITests.swift in Sources */,
			);
			runOnlyForDeploymentPostprocessing = 0;
		};
		3985AB182A3447ED004F1AA6 /* Sources */ = {
			isa = PBXSourcesBuildPhase;
			buildActionMask = 2147483647;
			files = (
				3985AB212A3447ED004F1AA6 /* RunningRPGDynamicIslandBundle.swift in Sources */,
				3985AB232A3447ED004F1AA6 /* RunningRPGDynamicIslandLiveActivity.swift in Sources */,
				3985AB252A3447ED004F1AA6 /* RunningRPGDynamicIsland.swift in Sources */,
				3985AB2A2A3447EF004F1AA6 /* RunningRPGDynamicIsland.intentdefinition in Sources */,
			);
			runOnlyForDeploymentPostprocessing = 0;
		};
/* End PBXSourcesBuildPhase section */

/* Begin PBXTargetDependency section */
		2A9A06AF2A3414B700EC8141 /* PBXTargetDependency */ = {
			isa = PBXTargetDependency;
			target = 2A9A069A2A3414B500EC8141 /* RunningRPG */;
			targetProxy = 2A9A06AE2A3414B700EC8141 /* PBXContainerItemProxy */;
		};
		2A9A06B92A3414B700EC8141 /* PBXTargetDependency */ = {
			isa = PBXTargetDependency;
			target = 2A9A069A2A3414B500EC8141 /* RunningRPG */;
			targetProxy = 2A9A06B82A3414B700EC8141 /* PBXContainerItemProxy */;
		};
		3985AB2D2A3447EF004F1AA6 /* PBXTargetDependency */ = {
			isa = PBXTargetDependency;
			target = 3985AB1B2A3447ED004F1AA6 /* RunningRPGDynamicIslandExtension */;
			targetProxy = 3985AB2C2A3447EF004F1AA6 /* PBXContainerItemProxy */;
		};
/* End PBXTargetDependency section */

/* Begin XCBuildConfiguration section */
		2A9A06BF2A3414B700EC8141 /* Debug */ = {
			isa = XCBuildConfiguration;
			buildSettings = {
				ALWAYS_SEARCH_USER_PATHS = NO;
				ASSETCATALOG_COMPILER_GENERATE_SWIFT_ASSET_SYMBOL_EXTENSIONS = YES;
				CLANG_ANALYZER_NONNULL = YES;
				CLANG_ANALYZER_NUMBER_OBJECT_CONVERSION = YES_AGGRESSIVE;
				CLANG_CXX_LANGUAGE_STANDARD = "gnu++20";
				CLANG_ENABLE_MODULES = YES;
				CLANG_ENABLE_OBJC_ARC = YES;
				CLANG_ENABLE_OBJC_WEAK = YES;
				CLANG_WARN_BLOCK_CAPTURE_AUTORELEASING = YES;
				CLANG_WARN_BOOL_CONVERSION = YES;
				CLANG_WARN_COMMA = YES;
				CLANG_WARN_CONSTANT_CONVERSION = YES;
				CLANG_WARN_DEPRECATED_OBJC_IMPLEMENTATIONS = YES;
				CLANG_WARN_DIRECT_OBJC_ISA_USAGE = YES_ERROR;
				CLANG_WARN_DOCUMENTATION_COMMENTS = YES;
				CLANG_WARN_EMPTY_BODY = YES;
				CLANG_WARN_ENUM_CONVERSION = YES;
				CLANG_WARN_INFINITE_RECURSION = YES;
				CLANG_WARN_INT_CONVERSION = YES;
				CLANG_WARN_NON_LITERAL_NULL_CONVERSION = YES;
				CLANG_WARN_OBJC_IMPLICIT_RETAIN_SELF = YES;
				CLANG_WARN_OBJC_LITERAL_CONVERSION = YES;
				CLANG_WARN_OBJC_ROOT_CLASS = YES_ERROR;
				CLANG_WARN_QUOTED_INCLUDE_IN_FRAMEWORK_HEADER = YES;
				CLANG_WARN_RANGE_LOOP_ANALYSIS = YES;
				CLANG_WARN_STRICT_PROTOTYPES = YES;
				CLANG_WARN_SUSPICIOUS_MOVE = YES;
				CLANG_WARN_UNGUARDED_AVAILABILITY = YES_AGGRESSIVE;
				CLANG_WARN_UNREACHABLE_CODE = YES;
				CLANG_WARN__DUPLICATE_METHOD_MATCH = YES;
				COPY_PHASE_STRIP = NO;
				DEBUG_INFORMATION_FORMAT = dwarf;
				ENABLE_STRICT_OBJC_MSGSEND = YES;
				ENABLE_TESTABILITY = YES;
				ENABLE_USER_SCRIPT_SANDBOXING = YES;
				GCC_C_LANGUAGE_STANDARD = gnu17;
				GCC_DYNAMIC_NO_PIC = NO;
				GCC_NO_COMMON_BLOCKS = YES;
				GCC_OPTIMIZATION_LEVEL = 0;
				GCC_PREPROCESSOR_DEFINITIONS = (
					"DEBUG=1",
					"$(inherited)",
				);
				GCC_WARN_64_TO_32_BIT_CONVERSION = YES;
				GCC_WARN_ABOUT_RETURN_TYPE = YES_ERROR;
				GCC_WARN_UNDECLARED_SELECTOR = YES;
				GCC_WARN_UNINITIALIZED_AUTOS = YES_AGGRESSIVE;
				GCC_WARN_UNUSED_FUNCTION = YES;
				GCC_WARN_UNUSED_VARIABLE = YES;
				IPHONEOS_DEPLOYMENT_TARGET = 17.0;
				LOCALIZATION_PREFERS_STRING_CATALOGS = YES;
				MTL_ENABLE_DEBUG_INFO = INCLUDE_SOURCE;
				MTL_FAST_MATH = YES;
				ONLY_ACTIVE_ARCH = YES;
				SDKROOT = iphoneos;
				SWIFT_ACTIVE_COMPILATION_CONDITIONS = "DEBUG $(inherited)";
				SWIFT_OPTIMIZATION_LEVEL = "-Onone";
			};
			name = Debug;
		};
		2A9A06C02A3414B700EC8141 /* Release */ = {
			isa = XCBuildConfiguration;
			buildSettings = {
				ALWAYS_SEARCH_USER_PATHS = NO;
				ASSETCATALOG_COMPILER_GENERATE_SWIFT_ASSET_SYMBOL_EXTENSIONS = YES;
				CLANG_ANALYZER_NONNULL = YES;
				CLANG_ANALYZER_NUMBER_OBJECT_CONVERSION = YES_AGGRESSIVE;
				CLANG_CXX_LANGUAGE_STANDARD = "gnu++20";
				CLANG_ENABLE_MODULES = YES;
				CLANG_ENABLE_OBJC_ARC = YES;
				CLANG_ENABLE_OBJC_WEAK = YES;
				CLANG_WARN_BLOCK_CAPTURE_AUTORELEASING = YES;
				CLANG_WARN_BOOL_CONVERSION = YES;
				CLANG_WARN_COMMA = YES;
				CLANG_WARN_CONSTANT_CONVERSION = YES;
				CLANG_WARN_DEPRECATED_OBJC_IMPLEMENTATIONS = YES;
				CLANG_WARN_DIRECT_OBJC_ISA_USAGE = YES_ERROR;
				CLANG_WARN_DOCUMENTATION_COMMENTS = YES;
				CLANG_WARN_EMPTY_BODY = YES;
				CLANG_WARN_ENUM_CONVERSION = YES;
				CLANG_WARN_INFINITE_RECURSION = YES;
				CLANG_WARN_INT_CONVERSION = YES;
				CLANG_WARN_NON_LITERAL_NULL_CONVERSION = YES;
				CLANG_WARN_OBJC_IMPLICIT_RETAIN_SELF = YES;
				CLANG_WARN_OBJC_LITERAL_CONVERSION = YES;
				CLANG_WARN_OBJC_ROOT_CLASS = YES_ERROR;
				CLANG_WARN_QUOTED_INCLUDE_IN_FRAMEWORK_HEADER = YES;
				CLANG_WARN_RANGE_LOOP_ANALYSIS = YES;
				CLANG_WARN_STRICT_PROTOTYPES = YES;
				CLANG_WARN_SUSPICIOUS_MOVE = YES;
				CLANG_WARN_UNGUARDED_AVAILABILITY = YES_AGGRESSIVE;
				CLANG_WARN_UNREACHABLE_CODE = YES;
				CLANG_WARN__DUPLICATE_METHOD_MATCH = YES;
				COPY_PHASE_STRIP = NO;
				DEBUG_INFORMATION_FORMAT = "dwarf-with-dsym";
				ENABLE_NS_ASSERTIONS = NO;
				ENABLE_STRICT_OBJC_MSGSEND = YES;
				ENABLE_USER_SCRIPT_SANDBOXING = YES;
				GCC_C_LANGUAGE_STANDARD = gnu17;
				GCC_NO_COMMON_BLOCKS = YES;
				GCC_WARN_64_TO_32_BIT_CONVERSION = YES;
				GCC_WARN_ABOUT_RETURN_TYPE = YES_ERROR;
				GCC_WARN_UNDECLARED_SELECTOR = YES;
				GCC_WARN_UNINITIALIZED_AUTOS = YES_AGGRESSIVE;
				GCC_WARN_UNUSED_FUNCTION = YES;
				GCC_WARN_UNUSED_VARIABLE = YES;
				IPHONEOS_DEPLOYMENT_TARGET = 17.0;
				LOCALIZATION_PREFERS_STRING_CATALOGS = YES;
				MTL_ENABLE_DEBUG_INFO = NO;
				MTL_FAST_MATH = YES;
				SDKROOT = iphoneos;
				SWIFT_COMPILATION_MODE = wholemodule;
				VALIDATE_PRODUCT = YES;
			};
			name = Release;
		};
		2A9A06C22A3414B700EC8141 /* Debug */ = {
			isa = XCBuildConfiguration;
			buildSettings = {
				ALWAYS_EMBED_SWIFT_STANDARD_LIBRARIES = YES;
				ASSETCATALOG_COMPILER_APPICON_NAME = AppIcon;
				ASSETCATALOG_COMPILER_GLOBAL_ACCENT_COLOR_NAME = AccentColor;
				CODE_SIGN_STYLE = Automatic;
				CURRENT_PROJECT_VERSION = 1;
				DEVELOPMENT_ASSET_PATHS = "\"RunningRPG/Preview Content\"";
				DEVELOPMENT_TEAM = P5A4NBG7AB;
				ENABLE_PREVIEWS = YES;
				GENERATE_INFOPLIST_FILE = YES;
				INFOPLIST_KEY_NSMotionUsageDescription = "걸음수 데이터 측정을 위해 데이터 접근 권한이 필요합니다.";
				INFOPLIST_KEY_NSSupportsLiveActivities = YES;
				INFOPLIST_KEY_UIApplicationSceneManifest_Generation = YES;
				INFOPLIST_KEY_UIApplicationSupportsIndirectInputEvents = YES;
				INFOPLIST_KEY_UILaunchScreen_Generation = YES;
				INFOPLIST_KEY_UISupportedInterfaceOrientations_iPad = "UIInterfaceOrientationPortrait UIInterfaceOrientationPortraitUpsideDown UIInterfaceOrientationLandscapeLeft UIInterfaceOrientationLandscapeRight";
				INFOPLIST_KEY_UISupportedInterfaceOrientations_iPhone = "UIInterfaceOrientationPortrait UIInterfaceOrientationLandscapeLeft UIInterfaceOrientationLandscapeRight";
				IPHONEOS_DEPLOYMENT_TARGET = 17.0;
				LD_RUNPATH_SEARCH_PATHS = (
					"$(inherited)",
					"@executable_path/Frameworks",
				);
				MARKETING_VERSION = 1.0;
				PRODUCT_BUNDLE_IDENTIFIER = com.letusgo.RunningRPG;
				PRODUCT_NAME = "$(TARGET_NAME)";
				SWIFT_EMIT_LOC_STRINGS = YES;
				SWIFT_VERSION = 5.0;
				TARGETED_DEVICE_FAMILY = "1,2";
			};
			name = Debug;
		};
		2A9A06C32A3414B700EC8141 /* Release */ = {
			isa = XCBuildConfiguration;
			buildSettings = {
				ALWAYS_EMBED_SWIFT_STANDARD_LIBRARIES = YES;
				ASSETCATALOG_COMPILER_APPICON_NAME = AppIcon;
				ASSETCATALOG_COMPILER_GLOBAL_ACCENT_COLOR_NAME = AccentColor;
				CODE_SIGN_STYLE = Automatic;
				CURRENT_PROJECT_VERSION = 1;
				DEVELOPMENT_ASSET_PATHS = "\"RunningRPG/Preview Content\"";
				DEVELOPMENT_TEAM = P5A4NBG7AB;
				ENABLE_PREVIEWS = YES;
				GENERATE_INFOPLIST_FILE = YES;
				INFOPLIST_KEY_NSMotionUsageDescription = "걸음수 데이터 측정을 위해 데이터 접근 권한이 필요합니다.";
				INFOPLIST_KEY_NSSupportsLiveActivities = YES;
				INFOPLIST_KEY_UIApplicationSceneManifest_Generation = YES;
				INFOPLIST_KEY_UIApplicationSupportsIndirectInputEvents = YES;
				INFOPLIST_KEY_UILaunchScreen_Generation = YES;
				INFOPLIST_KEY_UISupportedInterfaceOrientations_iPad = "UIInterfaceOrientationPortrait UIInterfaceOrientationPortraitUpsideDown UIInterfaceOrientationLandscapeLeft UIInterfaceOrientationLandscapeRight";
				INFOPLIST_KEY_UISupportedInterfaceOrientations_iPhone = "UIInterfaceOrientationPortrait UIInterfaceOrientationLandscapeLeft UIInterfaceOrientationLandscapeRight";
				IPHONEOS_DEPLOYMENT_TARGET = 17.0;
				LD_RUNPATH_SEARCH_PATHS = (
					"$(inherited)",
					"@executable_path/Frameworks",
				);
				MARKETING_VERSION = 1.0;
				PRODUCT_BUNDLE_IDENTIFIER = com.letusgo.RunningRPG;
				PRODUCT_NAME = "$(TARGET_NAME)";
				SWIFT_EMIT_LOC_STRINGS = YES;
				SWIFT_VERSION = 5.0;
				TARGETED_DEVICE_FAMILY = "1,2";
			};
			name = Release;
		};
		2A9A06C52A3414B700EC8141 /* Debug */ = {
			isa = XCBuildConfiguration;
			buildSettings = {
				ALWAYS_EMBED_SWIFT_STANDARD_LIBRARIES = YES;
				BUNDLE_LOADER = "$(TEST_HOST)";
				CODE_SIGN_STYLE = Automatic;
				CURRENT_PROJECT_VERSION = 1;
				GENERATE_INFOPLIST_FILE = YES;
				IPHONEOS_DEPLOYMENT_TARGET = 17.0;
				MARKETING_VERSION = 1.0;
				PRODUCT_BUNDLE_IDENTIFIER = com.letusgo.RunningRPGTests;
				PRODUCT_NAME = "$(TARGET_NAME)";
				SWIFT_EMIT_LOC_STRINGS = NO;
				SWIFT_VERSION = 5.0;
				TARGETED_DEVICE_FAMILY = "1,2";
				TEST_HOST = "$(BUILT_PRODUCTS_DIR)/RunningRPG.app/$(BUNDLE_EXECUTABLE_FOLDER_PATH)/RunningRPG";
			};
			name = Debug;
		};
		2A9A06C62A3414B700EC8141 /* Release */ = {
			isa = XCBuildConfiguration;
			buildSettings = {
				ALWAYS_EMBED_SWIFT_STANDARD_LIBRARIES = YES;
				BUNDLE_LOADER = "$(TEST_HOST)";
				CODE_SIGN_STYLE = Automatic;
				CURRENT_PROJECT_VERSION = 1;
				GENERATE_INFOPLIST_FILE = YES;
				IPHONEOS_DEPLOYMENT_TARGET = 17.0;
				MARKETING_VERSION = 1.0;
				PRODUCT_BUNDLE_IDENTIFIER = com.letusgo.RunningRPGTests;
				PRODUCT_NAME = "$(TARGET_NAME)";
				SWIFT_EMIT_LOC_STRINGS = NO;
				SWIFT_VERSION = 5.0;
				TARGETED_DEVICE_FAMILY = "1,2";
				TEST_HOST = "$(BUILT_PRODUCTS_DIR)/RunningRPG.app/$(BUNDLE_EXECUTABLE_FOLDER_PATH)/RunningRPG";
			};
			name = Release;
		};
		2A9A06C82A3414B700EC8141 /* Debug */ = {
			isa = XCBuildConfiguration;
			buildSettings = {
				ALWAYS_EMBED_SWIFT_STANDARD_LIBRARIES = YES;
				CODE_SIGN_STYLE = Automatic;
				CURRENT_PROJECT_VERSION = 1;
				GENERATE_INFOPLIST_FILE = YES;
				MARKETING_VERSION = 1.0;
				PRODUCT_BUNDLE_IDENTIFIER = com.letusgo.RunningRPGUITests;
				PRODUCT_NAME = "$(TARGET_NAME)";
				SWIFT_EMIT_LOC_STRINGS = NO;
				SWIFT_VERSION = 5.0;
				TARGETED_DEVICE_FAMILY = "1,2";
				TEST_TARGET_NAME = RunningRPG;
			};
			name = Debug;
		};
		2A9A06C92A3414B700EC8141 /* Release */ = {
			isa = XCBuildConfiguration;
			buildSettings = {
				ALWAYS_EMBED_SWIFT_STANDARD_LIBRARIES = YES;
				CODE_SIGN_STYLE = Automatic;
				CURRENT_PROJECT_VERSION = 1;
				GENERATE_INFOPLIST_FILE = YES;
				MARKETING_VERSION = 1.0;
				PRODUCT_BUNDLE_IDENTIFIER = com.letusgo.RunningRPGUITests;
				PRODUCT_NAME = "$(TARGET_NAME)";
				SWIFT_EMIT_LOC_STRINGS = NO;
				SWIFT_VERSION = 5.0;
				TARGETED_DEVICE_FAMILY = "1,2";
				TEST_TARGET_NAME = RunningRPG;
			};
			name = Release;
		};
		3985AB302A3447EF004F1AA6 /* Debug */ = {
			isa = XCBuildConfiguration;
			buildSettings = {
				ASSETCATALOG_COMPILER_GLOBAL_ACCENT_COLOR_NAME = AccentColor;
				ASSETCATALOG_COMPILER_WIDGET_BACKGROUND_COLOR_NAME = WidgetBackground;
				CODE_SIGN_STYLE = Automatic;
				CURRENT_PROJECT_VERSION = 1;
				DEVELOPMENT_TEAM = P5A4NBG7AB;
				GCC_C_LANGUAGE_STANDARD = gnu11;
				GENERATE_INFOPLIST_FILE = YES;
				INFOPLIST_FILE = RunningRPGDynamicIsland/Info.plist;
				INFOPLIST_KEY_CFBundleDisplayName = RunningRPGDynamicIsland;
				INFOPLIST_KEY_NSHumanReadableCopyright = "";
				IPHONEOS_DEPLOYMENT_TARGET = 16.2;
				LD_RUNPATH_SEARCH_PATHS = (
					"$(inherited)",
					"@executable_path/Frameworks",
					"@executable_path/../../Frameworks",
				);
				MARKETING_VERSION = 1.0;
				PRODUCT_BUNDLE_IDENTIFIER = com.letusgo.RunningRPG.RunningRPGDynamicIsland;
				PRODUCT_NAME = "$(TARGET_NAME)";
				SKIP_INSTALL = YES;
				SWIFT_ACTIVE_COMPILATION_CONDITIONS = DEBUG;
				SWIFT_EMIT_LOC_STRINGS = YES;
				SWIFT_VERSION = 5.0;
				TARGETED_DEVICE_FAMILY = "1,2";
			};
			name = Debug;
		};
		3985AB312A3447EF004F1AA6 /* Release */ = {
			isa = XCBuildConfiguration;
			buildSettings = {
				ASSETCATALOG_COMPILER_GLOBAL_ACCENT_COLOR_NAME = AccentColor;
				ASSETCATALOG_COMPILER_WIDGET_BACKGROUND_COLOR_NAME = WidgetBackground;
				CODE_SIGN_STYLE = Automatic;
				CURRENT_PROJECT_VERSION = 1;
				DEVELOPMENT_TEAM = P5A4NBG7AB;
				GCC_C_LANGUAGE_STANDARD = gnu11;
				GENERATE_INFOPLIST_FILE = YES;
				INFOPLIST_FILE = RunningRPGDynamicIsland/Info.plist;
				INFOPLIST_KEY_CFBundleDisplayName = RunningRPGDynamicIsland;
				INFOPLIST_KEY_NSHumanReadableCopyright = "";
				IPHONEOS_DEPLOYMENT_TARGET = 16.2;
				LD_RUNPATH_SEARCH_PATHS = (
					"$(inherited)",
					"@executable_path/Frameworks",
					"@executable_path/../../Frameworks",
				);
				MARKETING_VERSION = 1.0;
				PRODUCT_BUNDLE_IDENTIFIER = com.letusgo.RunningRPG.RunningRPGDynamicIsland;
				PRODUCT_NAME = "$(TARGET_NAME)";
				SKIP_INSTALL = YES;
				SWIFT_EMIT_LOC_STRINGS = YES;
				SWIFT_OPTIMIZATION_LEVEL = "-O";
				SWIFT_VERSION = 5.0;
				TARGETED_DEVICE_FAMILY = "1,2";
			};
			name = Release;
		};
/* End XCBuildConfiguration section */

/* Begin XCConfigurationList section */
		2A9A06962A3414B500EC8141 /* Build configuration list for PBXProject "RunningRPG" */ = {
			isa = XCConfigurationList;
			buildConfigurations = (
				2A9A06BF2A3414B700EC8141 /* Debug */,
				2A9A06C02A3414B700EC8141 /* Release */,
			);
			defaultConfigurationIsVisible = 0;
			defaultConfigurationName = Release;
		};
		2A9A06C12A3414B700EC8141 /* Build configuration list for PBXNativeTarget "RunningRPG" */ = {
			isa = XCConfigurationList;
			buildConfigurations = (
				2A9A06C22A3414B700EC8141 /* Debug */,
				2A9A06C32A3414B700EC8141 /* Release */,
			);
			defaultConfigurationIsVisible = 0;
			defaultConfigurationName = Release;
		};
		2A9A06C42A3414B700EC8141 /* Build configuration list for PBXNativeTarget "RunningRPGTests" */ = {
			isa = XCConfigurationList;
			buildConfigurations = (
				2A9A06C52A3414B700EC8141 /* Debug */,
				2A9A06C62A3414B700EC8141 /* Release */,
			);
			defaultConfigurationIsVisible = 0;
			defaultConfigurationName = Release;
		};
		2A9A06C72A3414B700EC8141 /* Build configuration list for PBXNativeTarget "RunningRPGUITests" */ = {
			isa = XCConfigurationList;
			buildConfigurations = (
				2A9A06C82A3414B700EC8141 /* Debug */,
				2A9A06C92A3414B700EC8141 /* Release */,
			);
			defaultConfigurationIsVisible = 0;
			defaultConfigurationName = Release;
		};
		3985AB2F2A3447EF004F1AA6 /* Build configuration list for PBXNativeTarget "RunningRPGDynamicIslandExtension" */ = {
			isa = XCConfigurationList;
			buildConfigurations = (
				3985AB302A3447EF004F1AA6 /* Debug */,
				3985AB312A3447EF004F1AA6 /* Release */,
			);
			defaultConfigurationIsVisible = 0;
			defaultConfigurationName = Release;
		};
/* End XCConfigurationList section */
	};
	rootObject = 2A9A06932A3414B500EC8141 /* Project object */;
}
